// !$*UTF8*$!
{
	archiveVersion = 1;
	classes = {
	};
	objectVersion = 46;
	objects = {

/* Begin PBXBuildFile section */
		6987E55E14370DB59B1E649B /* libPods.a in Frameworks */ = {isa = PBXBuildFile; fileRef = 7F2B3E6C5B2030617972B7BC /* libPods.a */; };
		769A66531A2EFF6600570B5B /* Book.m in Sources */ = {isa = PBXBuildFile; fileRef = 769A66521A2EFF6600570B5B /* Book.m */; };
		769A66551A2F065200570B5B /* myBook_back2.jpg in Resources */ = {isa = PBXBuildFile; fileRef = 769A66541A2F065200570B5B /* myBook_back2.jpg */; };
		769A66571A2F065900570B5B /* myBook_back1.jpg in Resources */ = {isa = PBXBuildFile; fileRef = 769A66561A2F065900570B5B /* myBook_back1.jpg */; };
		769A66591A2F0B9300570B5B /* 1417619560_699017-icon-30-book-128.png in Resources */ = {isa = PBXBuildFile; fileRef = 769A66581A2F0B9300570B5B /* 1417619560_699017-icon-30-book-128.png */; };
		769A665D1A2F0FF400570B5B /* default_pic-128.png in Resources */ = {isa = PBXBuildFile; fileRef = 769A665C1A2F0FF400570B5B /* default_pic-128.png */; };
		769A66601A2F3DEA00570B5B /* HomeViewController.m in Sources */ = {isa = PBXBuildFile; fileRef = 769A665F1A2F3DEA00570B5B /* HomeViewController.m */; };
		76C9D45D1A21DE0000C5BD61 /* main.m in Sources */ = {isa = PBXBuildFile; fileRef = 76C9D45C1A21DE0000C5BD61 /* main.m */; };
		76C9D4601A21DE0000C5BD61 /* AppDelegate.m in Sources */ = {isa = PBXBuildFile; fileRef = 76C9D45F1A21DE0000C5BD61 /* AppDelegate.m */; };
		76C9D4631A21DE0000C5BD61 /* ViewController.m in Sources */ = {isa = PBXBuildFile; fileRef = 76C9D4621A21DE0000C5BD61 /* ViewController.m */; };
		76C9D4661A21DE0000C5BD61 /* Main.storyboard in Resources */ = {isa = PBXBuildFile; fileRef = 76C9D4641A21DE0000C5BD61 /* Main.storyboard */; };
		76C9D4681A21DE0000C5BD61 /* Images.xcassets in Resources */ = {isa = PBXBuildFile; fileRef = 76C9D4671A21DE0000C5BD61 /* Images.xcassets */; };
		76C9D46B1A21DE0000C5BD61 /* LaunchScreen.xib in Resources */ = {isa = PBXBuildFile; fileRef = 76C9D4691A21DE0000C5BD61 /* LaunchScreen.xib */; };
		76C9D4771A21DE0100C5BD61 /* testFBTests.m in Sources */ = {isa = PBXBuildFile; fileRef = 76C9D4761A21DE0100C5BD61 /* testFBTests.m */; };
		76C9D4811A21DE2F00C5BD61 /* Social.framework in Frameworks */ = {isa = PBXBuildFile; fileRef = 76C9D4801A21DE2F00C5BD61 /* Social.framework */; };
		76C9D4831A21DFBC00C5BD61 /* mario.ico in Resources */ = {isa = PBXBuildFile; fileRef = 76C9D4821A21DFBC00C5BD61 /* mario.ico */; };
		76CA37741A2EA59B000009AE /* AFHTTPClient.m in Sources */ = {isa = PBXBuildFile; fileRef = 76CA37621A2EA59B000009AE /* AFHTTPClient.m */; };
		76CA37751A2EA59B000009AE /* AFHTTPRequestOperation.m in Sources */ = {isa = PBXBuildFile; fileRef = 76CA37641A2EA59B000009AE /* AFHTTPRequestOperation.m */; };
		76CA37761A2EA59B000009AE /* AFImageRequestOperation.m in Sources */ = {isa = PBXBuildFile; fileRef = 76CA37661A2EA59B000009AE /* AFImageRequestOperation.m */; };
		76CA37771A2EA59B000009AE /* AFJSONRequestOperation.m in Sources */ = {isa = PBXBuildFile; fileRef = 76CA37681A2EA59B000009AE /* AFJSONRequestOperation.m */; };
		76CA37781A2EA59B000009AE /* AFNetworkActivityIndicatorManager.m in Sources */ = {isa = PBXBuildFile; fileRef = 76CA376A1A2EA59B000009AE /* AFNetworkActivityIndicatorManager.m */; };
		76CA37791A2EA59B000009AE /* AFPropertyListRequestOperation.m in Sources */ = {isa = PBXBuildFile; fileRef = 76CA376D1A2EA59B000009AE /* AFPropertyListRequestOperation.m */; };
		76CA377A1A2EA59B000009AE /* AFURLConnectionOperation.m in Sources */ = {isa = PBXBuildFile; fileRef = 76CA376F1A2EA59B000009AE /* AFURLConnectionOperation.m */; };
		76CA377B1A2EA59B000009AE /* AFXMLRequestOperation.m in Sources */ = {isa = PBXBuildFile; fileRef = 76CA37711A2EA59B000009AE /* AFXMLRequestOperation.m */; };
		76CA377C1A2EA59B000009AE /* UIImageView+AFNetworking.m in Sources */ = {isa = PBXBuildFile; fileRef = 76CA37731A2EA59B000009AE /* UIImageView+AFNetworking.m */; };
		76CB1EDD1A3078D000FE0D9B /* ShoBookViewController.m in Sources */ = {isa = PBXBuildFile; fileRef = 76CB1EDC1A3078D000FE0D9B /* ShoBookViewController.m */; };
/* End PBXBuildFile section */

/* Begin PBXContainerItemProxy section */
		76C9D4711A21DE0100C5BD61 /* PBXContainerItemProxy */ = {
			isa = PBXContainerItemProxy;
			containerPortal = 76C9D44F1A21DE0000C5BD61 /* Project object */;
			proxyType = 1;
			remoteGlobalIDString = 76C9D4561A21DE0000C5BD61;
			remoteInfo = testFB;
		};
/* End PBXContainerItemProxy section */

/* Begin PBXFileReference section */
		08FBB8ED53753DCD9EBAAE08 /* Pods.release.xcconfig */ = {isa = PBXFileReference; includeInIndex = 1; lastKnownFileType = text.xcconfig; name = Pods.release.xcconfig; path = "Pods/Target Support Files/Pods/Pods.release.xcconfig"; sourceTree = "<group>"; };
		4D87ECCDC4F40E582C3C9FB3 /* Pods.debug.xcconfig */ = {isa = PBXFileReference; includeInIndex = 1; lastKnownFileType = text.xcconfig; name = Pods.debug.xcconfig; path = "Pods/Target Support Files/Pods/Pods.debug.xcconfig"; sourceTree = "<group>"; };
		769A66511A2EFF6600570B5B /* Book.h */ = {isa = PBXFileReference; fileEncoding = 4; lastKnownFileType = sourcecode.c.h; path = Book.h; sourceTree = "<group>"; };
		769A66521A2EFF6600570B5B /* Book.m */ = {isa = PBXFileReference; fileEncoding = 4; lastKnownFileType = sourcecode.c.objc; path = Book.m; sourceTree = "<group>"; };
		769A66541A2F065200570B5B /* myBook_back2.jpg */ = {isa = PBXFileReference; lastKnownFileType = image.jpeg; path = myBook_back2.jpg; sourceTree = "<group>"; };
		769A66561A2F065900570B5B /* myBook_back1.jpg */ = {isa = PBXFileReference; lastKnownFileType = image.jpeg; path = myBook_back1.jpg; sourceTree = "<group>"; };
		769A66581A2F0B9300570B5B /* 1417619560_699017-icon-30-book-128.png */ = {isa = PBXFileReference; lastKnownFileType = image.png; path = "1417619560_699017-icon-30-book-128.png"; sourceTree = "<group>"; };
		769A665C1A2F0FF400570B5B /* default_pic-128.png */ = {isa = PBXFileReference; lastKnownFileType = image.png; path = "default_pic-128.png"; sourceTree = "<group>"; };
		769A665E1A2F3DEA00570B5B /* HomeViewController.h */ = {isa = PBXFileReference; fileEncoding = 4; lastKnownFileType = sourcecode.c.h; path = HomeViewController.h; sourceTree = "<group>"; };
		769A665F1A2F3DEA00570B5B /* HomeViewController.m */ = {isa = PBXFileReference; fileEncoding = 4; lastKnownFileType = sourcecode.c.objc; path = HomeViewController.m; sourceTree = "<group>"; };
		76C9D4571A21DE0000C5BD61 /* testFB.app */ = {isa = PBXFileReference; explicitFileType = wrapper.application; includeInIndex = 0; path = testFB.app; sourceTree = BUILT_PRODUCTS_DIR; };
		76C9D45B1A21DE0000C5BD61 /* Info.plist */ = {isa = PBXFileReference; lastKnownFileType = text.plist.xml; path = Info.plist; sourceTree = "<group>"; };
		76C9D45C1A21DE0000C5BD61 /* main.m */ = {isa = PBXFileReference; lastKnownFileType = sourcecode.c.objc; path = main.m; sourceTree = "<group>"; };
		76C9D45E1A21DE0000C5BD61 /* AppDelegate.h */ = {isa = PBXFileReference; lastKnownFileType = sourcecode.c.h; path = AppDelegate.h; sourceTree = "<group>"; };
		76C9D45F1A21DE0000C5BD61 /* AppDelegate.m */ = {isa = PBXFileReference; lastKnownFileType = sourcecode.c.objc; path = AppDelegate.m; sourceTree = "<group>"; };
		76C9D4611A21DE0000C5BD61 /* ViewController.h */ = {isa = PBXFileReference; lastKnownFileType = sourcecode.c.h; path = ViewController.h; sourceTree = "<group>"; };
		76C9D4621A21DE0000C5BD61 /* ViewController.m */ = {isa = PBXFileReference; lastKnownFileType = sourcecode.c.objc; path = ViewController.m; sourceTree = "<group>"; };
		76C9D4651A21DE0000C5BD61 /* Base */ = {isa = PBXFileReference; lastKnownFileType = file.storyboard; name = Base; path = Base.lproj/Main.storyboard; sourceTree = "<group>"; };
		76C9D4671A21DE0000C5BD61 /* Images.xcassets */ = {isa = PBXFileReference; lastKnownFileType = folder.assetcatalog; path = Images.xcassets; sourceTree = "<group>"; };
		76C9D46A1A21DE0000C5BD61 /* Base */ = {isa = PBXFileReference; lastKnownFileType = file.xib; name = Base; path = Base.lproj/LaunchScreen.xib; sourceTree = "<group>"; };
		76C9D4701A21DE0100C5BD61 /* testFBTests.xctest */ = {isa = PBXFileReference; explicitFileType = wrapper.cfbundle; includeInIndex = 0; path = testFBTests.xctest; sourceTree = BUILT_PRODUCTS_DIR; };
		76C9D4751A21DE0100C5BD61 /* Info.plist */ = {isa = PBXFileReference; lastKnownFileType = text.plist.xml; path = Info.plist; sourceTree = "<group>"; };
		76C9D4761A21DE0100C5BD61 /* testFBTests.m */ = {isa = PBXFileReference; lastKnownFileType = sourcecode.c.objc; path = testFBTests.m; sourceTree = "<group>"; };
		76C9D4801A21DE2F00C5BD61 /* Social.framework */ = {isa = PBXFileReference; lastKnownFileType = wrapper.framework; name = Social.framework; path = System/Library/Frameworks/Social.framework; sourceTree = SDKROOT; };
		76C9D4821A21DFBC00C5BD61 /* mario.ico */ = {isa = PBXFileReference; lastKnownFileType = image.ico; path = mario.ico; sourceTree = "<group>"; };
		76CA37611A2EA59B000009AE /* AFHTTPClient.h */ = {isa = PBXFileReference; fileEncoding = 4; lastKnownFileType = sourcecode.c.h; path = AFHTTPClient.h; sourceTree = "<group>"; };
		76CA37621A2EA59B000009AE /* AFHTTPClient.m */ = {isa = PBXFileReference; fileEncoding = 4; lastKnownFileType = sourcecode.c.objc; path = AFHTTPClient.m; sourceTree = "<group>"; };
		76CA37631A2EA59B000009AE /* AFHTTPRequestOperation.h */ = {isa = PBXFileReference; fileEncoding = 4; lastKnownFileType = sourcecode.c.h; path = AFHTTPRequestOperation.h; sourceTree = "<group>"; };
		76CA37641A2EA59B000009AE /* AFHTTPRequestOperation.m */ = {isa = PBXFileReference; fileEncoding = 4; lastKnownFileType = sourcecode.c.objc; path = AFHTTPRequestOperation.m; sourceTree = "<group>"; };
		76CA37651A2EA59B000009AE /* AFImageRequestOperation.h */ = {isa = PBXFileReference; fileEncoding = 4; lastKnownFileType = sourcecode.c.h; path = AFImageRequestOperation.h; sourceTree = "<group>"; };
		76CA37661A2EA59B000009AE /* AFImageRequestOperation.m */ = {isa = PBXFileReference; fileEncoding = 4; lastKnownFileType = sourcecode.c.objc; path = AFImageRequestOperation.m; sourceTree = "<group>"; };
		76CA37671A2EA59B000009AE /* AFJSONRequestOperation.h */ = {isa = PBXFileReference; fileEncoding = 4; lastKnownFileType = sourcecode.c.h; path = AFJSONRequestOperation.h; sourceTree = "<group>"; };
		76CA37681A2EA59B000009AE /* AFJSONRequestOperation.m */ = {isa = PBXFileReference; fileEncoding = 4; lastKnownFileType = sourcecode.c.objc; path = AFJSONRequestOperation.m; sourceTree = "<group>"; };
		76CA37691A2EA59B000009AE /* AFNetworkActivityIndicatorManager.h */ = {isa = PBXFileReference; fileEncoding = 4; lastKnownFileType = sourcecode.c.h; path = AFNetworkActivityIndicatorManager.h; sourceTree = "<group>"; };
		76CA376A1A2EA59B000009AE /* AFNetworkActivityIndicatorManager.m */ = {isa = PBXFileReference; fileEncoding = 4; lastKnownFileType = sourcecode.c.objc; path = AFNetworkActivityIndicatorManager.m; sourceTree = "<group>"; };
		76CA376B1A2EA59B000009AE /* AFNetworking.h */ = {isa = PBXFileReference; fileEncoding = 4; lastKnownFileType = sourcecode.c.h; path = AFNetworking.h; sourceTree = "<group>"; };
		76CA376C1A2EA59B000009AE /* AFPropertyListRequestOperation.h */ = {isa = PBXFileReference; fileEncoding = 4; lastKnownFileType = sourcecode.c.h; path = AFPropertyListRequestOperation.h; sourceTree = "<group>"; };
		76CA376D1A2EA59B000009AE /* AFPropertyListRequestOperation.m */ = {isa = PBXFileReference; fileEncoding = 4; lastKnownFileType = sourcecode.c.objc; path = AFPropertyListRequestOperation.m; sourceTree = "<group>"; };
		76CA376E1A2EA59B000009AE /* AFURLConnectionOperation.h */ = {isa = PBXFileReference; fileEncoding = 4; lastKnownFileType = sourcecode.c.h; path = AFURLConnectionOperation.h; sourceTree = "<group>"; };
		76CA376F1A2EA59B000009AE /* AFURLConnectionOperation.m */ = {isa = PBXFileReference; fileEncoding = 4; lastKnownFileType = sourcecode.c.objc; path = AFURLConnectionOperation.m; sourceTree = "<group>"; };
		76CA37701A2EA59B000009AE /* AFXMLRequestOperation.h */ = {isa = PBXFileReference; fileEncoding = 4; lastKnownFileType = sourcecode.c.h; path = AFXMLRequestOperation.h; sourceTree = "<group>"; };
		76CA37711A2EA59B000009AE /* AFXMLRequestOperation.m */ = {isa = PBXFileReference; fileEncoding = 4; lastKnownFileType = sourcecode.c.objc; path = AFXMLRequestOperation.m; sourceTree = "<group>"; };
		76CA37721A2EA59B000009AE /* UIImageView+AFNetworking.h */ = {isa = PBXFileReference; fileEncoding = 4; lastKnownFileType = sourcecode.c.h; path = "UIImageView+AFNetworking.h"; sourceTree = "<group>"; };
		76CA37731A2EA59B000009AE /* UIImageView+AFNetworking.m */ = {isa = PBXFileReference; fileEncoding = 4; lastKnownFileType = sourcecode.c.objc; path = "UIImageView+AFNetworking.m"; sourceTree = "<group>"; };
		76CB1EDB1A3078D000FE0D9B /* ShoBookViewController.h */ = {isa = PBXFileReference; fileEncoding = 4; lastKnownFileType = sourcecode.c.h; path = ShoBookViewController.h; sourceTree = "<group>"; };
		76CB1EDC1A3078D000FE0D9B /* ShoBookViewController.m */ = {isa = PBXFileReference; fileEncoding = 4; lastKnownFileType = sourcecode.c.objc; path = ShoBookViewController.m; sourceTree = "<group>"; };
		7F2B3E6C5B2030617972B7BC /* libPods.a */ = {isa = PBXFileReference; explicitFileType = archive.ar; includeInIndex = 0; path = libPods.a; sourceTree = BUILT_PRODUCTS_DIR; };
/* End PBXFileReference section */

/* Begin PBXFrameworksBuildPhase section */
		76C9D4541A21DE0000C5BD61 /* Frameworks */ = {
			isa = PBXFrameworksBuildPhase;
			buildActionMask = 2147483647;
			files = (
				76C9D4811A21DE2F00C5BD61 /* Social.framework in Frameworks */,
				6987E55E14370DB59B1E649B /* libPods.a in Frameworks */,
			);
			runOnlyForDeploymentPostprocessing = 0;
		};
		76C9D46D1A21DE0100C5BD61 /* Frameworks */ = {
			isa = PBXFrameworksBuildPhase;
			buildActionMask = 2147483647;
			files = (
			);
			runOnlyForDeploymentPostprocessing = 0;
		};
/* End PBXFrameworksBuildPhase section */

/* Begin PBXGroup section */
		11BE3092E73C5ECE6AED26B6 /* Frameworks */ = {
			isa = PBXGroup;
			children = (
				7F2B3E6C5B2030617972B7BC /* libPods.a */,
			);
			name = Frameworks;
			sourceTree = "<group>";
		};
		364405A922E517554E382043 /* Pods */ = {
			isa = PBXGroup;
			children = (
				4D87ECCDC4F40E582C3C9FB3 /* Pods.debug.xcconfig */,
				08FBB8ED53753DCD9EBAAE08 /* Pods.release.xcconfig */,
			);
			name = Pods;
			sourceTree = "<group>";
		};
		76C9D44E1A21DE0000C5BD61 = {
			isa = PBXGroup;
			children = (
				76CA37601A2EA59B000009AE /* AFNetworking */,
				76C9D4801A21DE2F00C5BD61 /* Social.framework */,
				76C9D4591A21DE0000C5BD61 /* testFB */,
				76C9D4731A21DE0100C5BD61 /* testFBTests */,
				76C9D4581A21DE0000C5BD61 /* Products */,
				364405A922E517554E382043 /* Pods */,
				11BE3092E73C5ECE6AED26B6 /* Frameworks */,
			);
			sourceTree = "<group>";
		};
		76C9D4581A21DE0000C5BD61 /* Products */ = {
			isa = PBXGroup;
			children = (
				76C9D4571A21DE0000C5BD61 /* testFB.app */,
				76C9D4701A21DE0100C5BD61 /* testFBTests.xctest */,
			);
			name = Products;
			sourceTree = "<group>";
		};
		76C9D4591A21DE0000C5BD61 /* testFB */ = {
			isa = PBXGroup;
			children = (
				76C9D45E1A21DE0000C5BD61 /* AppDelegate.h */,
				76C9D45F1A21DE0000C5BD61 /* AppDelegate.m */,
				769A665E1A2F3DEA00570B5B /* HomeViewController.h */,
				769A665F1A2F3DEA00570B5B /* HomeViewController.m */,
				76C9D4611A21DE0000C5BD61 /* ViewController.h */,
				76C9D4621A21DE0000C5BD61 /* ViewController.m */,
				76CB1EDB1A3078D000FE0D9B /* ShoBookViewController.h */,
				76CB1EDC1A3078D000FE0D9B /* ShoBookViewController.m */,
				76C9D4641A21DE0000C5BD61 /* Main.storyboard */,
				76C9D4671A21DE0000C5BD61 /* Images.xcassets */,
				76C9D4691A21DE0000C5BD61 /* LaunchScreen.xib */,
				76C9D45A1A21DE0000C5BD61 /* Supporting Files */,
				769A66511A2EFF6600570B5B /* Book.h */,
				769A66521A2EFF6600570B5B /* Book.m */,
			);
			path = testFB;
			sourceTree = "<group>";
		};
		76C9D45A1A21DE0000C5BD61 /* Supporting Files */ = {
			isa = PBXGroup;
			children = (
				769A665C1A2F0FF400570B5B /* default_pic-128.png */,
				769A66581A2F0B9300570B5B /* 1417619560_699017-icon-30-book-128.png */,
				769A66561A2F065900570B5B /* myBook_back1.jpg */,
				769A66541A2F065200570B5B /* myBook_back2.jpg */,
				76C9D4821A21DFBC00C5BD61 /* mario.ico */,
				76C9D45B1A21DE0000C5BD61 /* Info.plist */,
				76C9D45C1A21DE0000C5BD61 /* main.m */,
			);
			name = "Supporting Files";
			sourceTree = "<group>";
		};
		76C9D4731A21DE0100C5BD61 /* testFBTests */ = {
			isa = PBXGroup;
			children = (
				76C9D4761A21DE0100C5BD61 /* testFBTests.m */,
				76C9D4741A21DE0100C5BD61 /* Supporting Files */,
			);
			path = testFBTests;
			sourceTree = "<group>";
		};
		76C9D4741A21DE0100C5BD61 /* Supporting Files */ = {
			isa = PBXGroup;
			children = (
				76C9D4751A21DE0100C5BD61 /* Info.plist */,
			);
			name = "Supporting Files";
			sourceTree = "<group>";
		};
		76CA37601A2EA59B000009AE /* AFNetworking */ = {
			isa = PBXGroup;
			children = (
				76CA37611A2EA59B000009AE /* AFHTTPClient.h */,
				76CA37621A2EA59B000009AE /* AFHTTPClient.m */,
				76CA37631A2EA59B000009AE /* AFHTTPRequestOperation.h */,
				76CA37641A2EA59B000009AE /* AFHTTPRequestOperation.m */,
				76CA37651A2EA59B000009AE /* AFImageRequestOperation.h */,
				76CA37661A2EA59B000009AE /* AFImageRequestOperation.m */,
				76CA37671A2EA59B000009AE /* AFJSONRequestOperation.h */,
				76CA37681A2EA59B000009AE /* AFJSONRequestOperation.m */,
				76CA37691A2EA59B000009AE /* AFNetworkActivityIndicatorManager.h */,
				76CA376A1A2EA59B000009AE /* AFNetworkActivityIndicatorManager.m */,
				76CA376B1A2EA59B000009AE /* AFNetworking.h */,
				76CA376C1A2EA59B000009AE /* AFPropertyListRequestOperation.h */,
				76CA376D1A2EA59B000009AE /* AFPropertyListRequestOperation.m */,
				76CA376E1A2EA59B000009AE /* AFURLConnectionOperation.h */,
				76CA376F1A2EA59B000009AE /* AFURLConnectionOperation.m */,
				76CA37701A2EA59B000009AE /* AFXMLRequestOperation.h */,
				76CA37711A2EA59B000009AE /* AFXMLRequestOperation.m */,
				76CA37721A2EA59B000009AE /* UIImageView+AFNetworking.h */,
				76CA37731A2EA59B000009AE /* UIImageView+AFNetworking.m */,
			);
			path = AFNetworking;
			sourceTree = "<group>";
		};
/* End PBXGroup section */

/* Begin PBXNativeTarget section */
		76C9D4561A21DE0000C5BD61 /* testFB */ = {
			isa = PBXNativeTarget;
			buildConfigurationList = 76C9D47A1A21DE0100C5BD61 /* Build configuration list for PBXNativeTarget "testFB" */;
			buildPhases = (
				BA5BE1CF2D3FEAB2458E453D /* Check Pods Manifest.lock */,
				76C9D4531A21DE0000C5BD61 /* Sources */,
				76C9D4541A21DE0000C5BD61 /* Frameworks */,
				76C9D4551A21DE0000C5BD61 /* Resources */,
				E368B0BDA137D909B92062EA /* Copy Pods Resources */,
			);
			buildRules = (
			);
			dependencies = (
			);
			name = testFB;
			productName = testFB;
			productReference = 76C9D4571A21DE0000C5BD61 /* testFB.app */;
			productType = "com.apple.product-type.application";
		};
		76C9D46F1A21DE0100C5BD61 /* testFBTests */ = {
			isa = PBXNativeTarget;
			buildConfigurationList = 76C9D47D1A21DE0100C5BD61 /* Build configuration list for PBXNativeTarget "testFBTests" */;
			buildPhases = (
				76C9D46C1A21DE0100C5BD61 /* Sources */,
				76C9D46D1A21DE0100C5BD61 /* Frameworks */,
				76C9D46E1A21DE0100C5BD61 /* Resources */,
			);
			buildRules = (
			);
			dependencies = (
				76C9D4721A21DE0100C5BD61 /* PBXTargetDependency */,
			);
			name = testFBTests;
			productName = testFBTests;
			productReference = 76C9D4701A21DE0100C5BD61 /* testFBTests.xctest */;
			productType = "com.apple.product-type.bundle.unit-test";
		};
/* End PBXNativeTarget section */

/* Begin PBXProject section */
		76C9D44F1A21DE0000C5BD61 /* Project object */ = {
			isa = PBXProject;
			attributes = {
				LastUpgradeCheck = 0610;
				ORGANIZATIONNAME = Cyrilshanway;
				TargetAttributes = {
					76C9D4561A21DE0000C5BD61 = {
						CreatedOnToolsVersion = 6.1;
					};
					76C9D46F1A21DE0100C5BD61 = {
						CreatedOnToolsVersion = 6.1;
						TestTargetID = 76C9D4561A21DE0000C5BD61;
					};
				};
			};
			buildConfigurationList = 76C9D4521A21DE0000C5BD61 /* Build configuration list for PBXProject "testFB" */;
			compatibilityVersion = "Xcode 3.2";
			developmentRegion = English;
			hasScannedForEncodings = 0;
			knownRegions = (
				en,
				Base,
			);
			mainGroup = 76C9D44E1A21DE0000C5BD61;
			productRefGroup = 76C9D4581A21DE0000C5BD61 /* Products */;
			projectDirPath = "";
			projectRoot = "";
			targets = (
				76C9D4561A21DE0000C5BD61 /* testFB */,
				76C9D46F1A21DE0100C5BD61 /* testFBTests */,
			);
		};
/* End PBXProject section */

/* Begin PBXResourcesBuildPhase section */
		76C9D4551A21DE0000C5BD61 /* Resources */ = {
			isa = PBXResourcesBuildPhase;
			buildActionMask = 2147483647;
			files = (
				76C9D4661A21DE0000C5BD61 /* Main.storyboard in Resources */,
				769A66551A2F065200570B5B /* myBook_back2.jpg in Resources */,
				769A66591A2F0B9300570B5B /* 1417619560_699017-icon-30-book-128.png in Resources */,
				76C9D46B1A21DE0000C5BD61 /* LaunchScreen.xib in Resources */,
				769A66571A2F065900570B5B /* myBook_back1.jpg in Resources */,
				76C9D4831A21DFBC00C5BD61 /* mario.ico in Resources */,
				769A665D1A2F0FF400570B5B /* default_pic-128.png in Resources */,
				76C9D4681A21DE0000C5BD61 /* Images.xcassets in Resources */,
			);
			runOnlyForDeploymentPostprocessing = 0;
		};
		76C9D46E1A21DE0100C5BD61 /* Resources */ = {
			isa = PBXResourcesBuildPhase;
			buildActionMask = 2147483647;
			files = (
			);
			runOnlyForDeploymentPostprocessing = 0;
		};
/* End PBXResourcesBuildPhase section */

/* Begin PBXShellScriptBuildPhase section */
		BA5BE1CF2D3FEAB2458E453D /* Check Pods Manifest.lock */ = {
			isa = PBXShellScriptBuildPhase;
			buildActionMask = 2147483647;
			files = (
			);
			inputPaths = (
			);
			name = "Check Pods Manifest.lock";
			outputPaths = (
			);
			runOnlyForDeploymentPostprocessing = 0;
			shellPath = /bin/sh;
			shellScript = "diff \"${PODS_ROOT}/../Podfile.lock\" \"${PODS_ROOT}/Manifest.lock\" > /dev/null\nif [[ $? != 0 ]] ; then\n    cat << EOM\nerror: The sandbox is not in sync with the Podfile.lock. Run 'pod install' or update your CocoaPods installation.\nEOM\n    exit 1\nfi\n";
			showEnvVarsInLog = 0;
		};
		E368B0BDA137D909B92062EA /* Copy Pods Resources */ = {
			isa = PBXShellScriptBuildPhase;
			buildActionMask = 2147483647;
			files = (
			);
			inputPaths = (
			);
			name = "Copy Pods Resources";
			outputPaths = (
			);
			runOnlyForDeploymentPostprocessing = 0;
			shellPath = /bin/sh;
			shellScript = "\"${SRCROOT}/Pods/Target Support Files/Pods/Pods-resources.sh\"\n";
			showEnvVarsInLog = 0;
		};
/* End PBXShellScriptBuildPhase section */

/* Begin PBXSourcesBuildPhase section */
		76C9D4531A21DE0000C5BD61 /* Sources */ = {
			isa = PBXSourcesBuildPhase;
			buildActionMask = 2147483647;
			files = (
				769A66531A2EFF6600570B5B /* Book.m in Sources */,
				76CA37761A2EA59B000009AE /* AFImageRequestOperation.m in Sources */,
				76C9D4631A21DE0000C5BD61 /* ViewController.m in Sources */,
				76CA37791A2EA59B000009AE /* AFPropertyListRequestOperation.m in Sources */,
				76C9D4601A21DE0000C5BD61 /* AppDelegate.m in Sources */,
				769A66601A2F3DEA00570B5B /* HomeViewController.m in Sources */,
				76CA377A1A2EA59B000009AE /* AFURLConnectionOperation.m in Sources */,
				76CA377B1A2EA59B000009AE /* AFXMLRequestOperation.m in Sources */,
				76CB1EDD1A3078D000FE0D9B /* ShoBookViewController.m in Sources */,
				76CA37771A2EA59B000009AE /* AFJSONRequestOperation.m in Sources */,
				76CA377C1A2EA59B000009AE /* UIImageView+AFNetworking.m in Sources */,
				76CA37781A2EA59B000009AE /* AFNetworkActivityIndicatorManager.m in Sources */,
				76CA37751A2EA59B000009AE /* AFHTTPRequestOperation.m in Sources */,
				76C9D45D1A21DE0000C5BD61 /* main.m in Sources */,
				76CA37741A2EA59B000009AE /* AFHTTPClient.m in Sources */,
			);
			runOnlyForDeploymentPostprocessing = 0;
		};
		76C9D46C1A21DE0100C5BD61 /* Sources */ = {
			isa = PBXSourcesBuildPhase;
			buildActionMask = 2147483647;
			files = (
				76C9D4771A21DE0100C5BD61 /* testFBTests.m in Sources */,
			);
			runOnlyForDeploymentPostprocessing = 0;
		};
/* End PBXSourcesBuildPhase section */

/* Begin PBXTargetDependency section */
		76C9D4721A21DE0100C5BD61 /* PBXTargetDependency */ = {
			isa = PBXTargetDependency;
			target = 76C9D4561A21DE0000C5BD61 /* testFB */;
			targetProxy = 76C9D4711A21DE0100C5BD61 /* PBXContainerItemProxy */;
		};
/* End PBXTargetDependency section */

/* Begin PBXVariantGroup section */
		76C9D4641A21DE0000C5BD61 /* Main.storyboard */ = {
			isa = PBXVariantGroup;
			children = (
				76C9D4651A21DE0000C5BD61 /* Base */,
			);
			name = Main.storyboard;
			sourceTree = "<group>";
		};
		76C9D4691A21DE0000C5BD61 /* LaunchScreen.xib */ = {
			isa = PBXVariantGroup;
			children = (
				76C9D46A1A21DE0000C5BD61 /* Base */,
			);
			name = LaunchScreen.xib;
			sourceTree = "<group>";
		};
/* End PBXVariantGroup section */

/* Begin XCBuildConfiguration section */
		76C9D4781A21DE0100C5BD61 /* Debug */ = {
			isa = XCBuildConfiguration;
			buildSettings = {
				ALWAYS_SEARCH_USER_PATHS = NO;
				CLANG_CXX_LANGUAGE_STANDARD = "gnu++0x";
				CLANG_CXX_LIBRARY = "libc++";
				CLANG_ENABLE_MODULES = YES;
				CLANG_ENABLE_OBJC_ARC = YES;
				CLANG_WARN_BOOL_CONVERSION = YES;
				CLANG_WARN_CONSTANT_CONVERSION = YES;
				CLANG_WARN_DIRECT_OBJC_ISA_USAGE = YES_ERROR;
				CLANG_WARN_EMPTY_BODY = YES;
				CLANG_WARN_ENUM_CONVERSION = YES;
				CLANG_WARN_INT_CONVERSION = YES;
				CLANG_WARN_OBJC_ROOT_CLASS = YES_ERROR;
				CLANG_WARN_UNREACHABLE_CODE = YES;
				CLANG_WARN__DUPLICATE_METHOD_MATCH = YES;
				"CODE_SIGN_IDENTITY[sdk=iphoneos*]" = "iPhone Developer";
				COPY_PHASE_STRIP = NO;
				ENABLE_STRICT_OBJC_MSGSEND = YES;
				GCC_C_LANGUAGE_STANDARD = gnu99;
				GCC_DYNAMIC_NO_PIC = NO;
				GCC_OPTIMIZATION_LEVEL = 0;
				GCC_PREPROCESSOR_DEFINITIONS = (
					"DEBUG=1",
					"$(inherited)",
				);
				GCC_SYMBOLS_PRIVATE_EXTERN = NO;
				GCC_WARN_64_TO_32_BIT_CONVERSION = YES;
				GCC_WARN_ABOUT_RETURN_TYPE = YES_ERROR;
				GCC_WARN_UNDECLARED_SELECTOR = YES;
				GCC_WARN_UNINITIALIZED_AUTOS = YES_AGGRESSIVE;
				GCC_WARN_UNUSED_FUNCTION = YES;
				GCC_WARN_UNUSED_VARIABLE = YES;
				IPHONEOS_DEPLOYMENT_TARGET = 8.1;
				MTL_ENABLE_DEBUG_INFO = YES;
				ONLY_ACTIVE_ARCH = YES;
				SDKROOT = iphoneos;
			};
			name = Debug;
		};
		76C9D4791A21DE0100C5BD61 /* Release */ = {
			isa = XCBuildConfiguration;
			buildSettings = {
				ALWAYS_SEARCH_USER_PATHS = NO;
				CLANG_CXX_LANGUAGE_STANDARD = "gnu++0x";
				CLANG_CXX_LIBRARY = "libc++";
				CLANG_ENABLE_MODULES = YES;
				CLANG_ENABLE_OBJC_ARC = YES;
				CLANG_WARN_BOOL_CONVERSION = YES;
				CLANG_WARN_CONSTANT_CONVERSION = YES;
				CLANG_WARN_DIRECT_OBJC_ISA_USAGE = YES_ERROR;
				CLANG_WARN_EMPTY_BODY = YES;
				CLANG_WARN_ENUM_CONVERSION = YES;
				CLANG_WARN_INT_CONVERSION = YES;
				CLANG_WARN_OBJC_ROOT_CLASS = YES_ERROR;
				CLANG_WARN_UNREACHABLE_CODE = YES;
				CLANG_WARN__DUPLICATE_METHOD_MATCH = YES;
				"CODE_SIGN_IDENTITY[sdk=iphoneos*]" = "iPhone Developer";
				COPY_PHASE_STRIP = YES;
				ENABLE_NS_ASSERTIONS = NO;
				ENABLE_STRICT_OBJC_MSGSEND = YES;
				GCC_C_LANGUAGE_STANDARD = gnu99;
				GCC_WARN_64_TO_32_BIT_CONVERSION = YES;
				GCC_WARN_ABOUT_RETURN_TYPE = YES_ERROR;
				GCC_WARN_UNDECLARED_SELECTOR = YES;
				GCC_WARN_UNINITIALIZED_AUTOS = YES_AGGRESSIVE;
				GCC_WARN_UNUSED_FUNCTION = YES;
				GCC_WARN_UNUSED_VARIABLE = YES;
				IPHONEOS_DEPLOYMENT_TARGET = 8.1;
				MTL_ENABLE_DEBUG_INFO = NO;
				SDKROOT = iphoneos;
				VALIDATE_PRODUCT = YES;
			};
			name = Release;
		};
		76C9D47B1A21DE0100C5BD61 /* Debug */ = {
			isa = XCBuildConfiguration;
			baseConfigurationReference = 4D87ECCDC4F40E582C3C9FB3 /* Pods.debug.xcconfig */;
			buildSettings = {
				ASSETCATALOG_COMPILER_APPICON_NAME = AppIcon;
				FRAMEWORK_SEARCH_PATHS = (
					"$(inherited)",
					"$(PROJECT_DIR)/testFB",
				);
				INFOPLIST_FILE = testFB/Info.plist;
				LD_RUNPATH_SEARCH_PATHS = "$(inherited) @executable_path/Frameworks";
				PRODUCT_NAME = "$(TARGET_NAME)";
			};
			name = Debug;
		};
		76C9D47C1A21DE0100C5BD61 /* Release */ = {
			isa = XCBuildConfiguration;
			baseConfigurationReference = 08FBB8ED53753DCD9EBAAE08 /* Pods.release.xcconfig */;
			buildSettings = {
				ASSETCATALOG_COMPILER_APPICON_NAME = AppIcon;
				FRAMEWORK_SEARCH_PATHS = (
					"$(inherited)",
					"$(PROJECT_DIR)/testFB",
				);
				INFOPLIST_FILE = testFB/Info.plist;
				LD_RUNPATH_SEARCH_PATHS = "$(inherited) @executable_path/Frameworks";
				PRODUCT_NAME = "$(TARGET_NAME)";
			};
			name = Release;
		};
		76C9D47E1A21DE0100C5BD61 /* Debug */ = {
			isa = XCBuildConfiguration;
			buildSettings = {
				BUNDLE_LOADER = "$(TEST_HOST)";
				FRAMEWORK_SEARCH_PATHS = (
					"$(SDKROOT)/Developer/Library/Frameworks",
					"$(inherited)",
				);
				GCC_PREPROCESSOR_DEFINITIONS = (
					"DEBUG=1",
					"$(inherited)",
				);
				INFOPLIST_FILE = testFBTests/Info.plist;
				LD_RUNPATH_SEARCH_PATHS = "$(inherited) @executable_path/Frameworks @loader_path/Frameworks";
				PRODUCT_NAME = "$(TARGET_NAME)";
				TEST_HOST = "$(BUILT_PRODUCTS_DIR)/testFB.app/testFB";
			};
			name = Debug;
		};
		76C9D47F1A21DE0100C5BD61 /* Release */ = {
			isa = XCBuildConfiguration;
			buildSettings = {
				BUNDLE_LOADER = "$(TEST_HOST)";
				FRAMEWORK_SEARCH_PATHS = (
					"$(SDKROOT)/Developer/Library/Frameworks",
					"$(inherited)",
				);
				INFOPLIST_FILE = testFBTests/Info.plist;
				LD_RUNPATH_SEARCH_PATHS = "$(inherited) @executable_path/Frameworks @loader_path/Frameworks";
				PRODUCT_NAME = "$(TARGET_NAME)";
				TEST_HOST = "$(BUILT_PRODUCTS_DIR)/testFB.app/testFB";
			};
			name = Release;
		};
/* End XCBuildConfiguration section */

/* Begin XCConfigurationList section */
		76C9D4521A21DE0000C5BD61 /* Build configuration list for PBXProject "testFB" */ = {
			isa = XCConfigurationList;
			buildConfigurations = (
				76C9D4781A21DE0100C5BD61 /* Debug */,
				76C9D4791A21DE0100C5BD61 /* Release */,
			);
			defaultConfigurationIsVisible = 0;
			defaultConfigurationName = Release;
		};
		76C9D47A1A21DE0100C5BD61 /* Build configuration list for PBXNativeTarget "testFB" */ = {
			isa = XCConfigurationList;
			buildConfigurations = (
				76C9D47B1A21DE0100C5BD61 /* Debug */,
				76C9D47C1A21DE0100C5BD61 /* Release */,
			);
			defaultConfigurationIsVisible = 0;
			defaultConfigurationName = Release;
		};
		76C9D47D1A21DE0100C5BD61 /* Build configuration list for PBXNativeTarget "testFBTests" */ = {
			isa = XCConfigurationList;
			buildConfigurations = (
				76C9D47E1A21DE0100C5BD61 /* Debug */,
				76C9D47F1A21DE0100C5BD61 /* Release */,
			);
			defaultConfigurationIsVisible = 0;
			defaultConfigurationName = Release;
		};
/* End XCConfigurationList section */
	};
	rootObject = 76C9D44F1A21DE0000C5BD61 /* Project object */;
}
